
Microsoft Visual Studio Solution File, Format Version 12.00
# Visual Studio 2012
Project("{FAE04EC0-301F-11D3-BF4B-00C04F79EFBC}") = "MyWeb", "MyWeb\MyWeb.csproj", "{8C6EEA27-246F-4A4C-931A-9CF0D184BA62}"
EndProject
Global
	GlobalSection(SolutionConfigurationPlatforms) = preSolution
		Debug|Any CPU = Debug|Any CPU
		Release|Any CPU = Release|Any CPU
	EndGlobalSection
	GlobalSection(ProjectConfigurationPlatforms) = postSolution
		{8C6EEA27-246F-4A4C-931A-9CF0D184BA62}.Debug|Any CPU.ActiveCfg = Debug|Any CPU
		{8C6EEA27-246F-4A4C-931A-9CF0D184BA62}.Debug|Any CPU.Build.0 = Debug|Any CPU
		{8C6EEA27-246F-4A4C-931A-9CF0D184BA62}.Release|Any CPU.ActiveCfg = Release|Any CPU
		{8C6EEA27-246F-4A4C-931A-9CF0D184BA62}.Release|Any CPU.Build.0 = Release|Any CPU
	EndGlobalSection
	GlobalSection(SolutionProperties) = preSolution
		HideSolutionNode = FALSE
	EndGlobalSection
EndGlobal
